
Microsoft Visual Studio Solution File, Format Version 12.00
# Visual Studio 15
VisualStudioVersion = 15.0.25302.0
MinimumVisualStudioVersion = 10.0.40219.1
Project("{151D2E53-A2C4-4D7D-83FE-D05416EBD58E}") = "MyAmazingWebApp", "MyAmazingWebApp\MyAmazingWebApp.deployproj", "{CCE1DC18-4C0A-43F5-B5E2-A4D3FEFAEECD}"
EndProject
Project("{FAE04EC0-301F-11D3-BF4B-00C04F79EFBC}") = "MyWebSite", "MyWebSite\MyWebSite.csproj", "{A81B6C80-06CA-4F12-8E22-C64511FAC725}"
EndProject
Global
	GlobalSection(SolutionConfigurationPlatforms) = preSolution
		Debug|Any CPU = Debug|Any CPU
		Release|Any CPU = Release|Any CPU
	EndGlobalSection
	GlobalSection(ProjectConfigurationPlatforms) = postSolution
		{CCE1DC18-4C0A-43F5-B5E2-A4D3FEFAEECD}.Debug|Any CPU.ActiveCfg = Debug|Any CPU
		{CCE1DC18-4C0A-43F5-B5E2-A4D3FEFAEECD}.Debug|Any CPU.Build.0 = Debug|Any CPU
		{CCE1DC18-4C0A-43F5-B5E2-A4D3FEFAEECD}.Release|Any CPU.ActiveCfg = Release|Any CPU
		{CCE1DC18-4C0A-43F5-B5E2-A4D3FEFAEECD}.Release|Any CPU.Build.0 = Release|Any CPU
		{A81B6C80-06CA-4F12-8E22-C64511FAC725}.Debug|Any CPU.ActiveCfg = Debug|Any CPU
		{A81B6C80-06CA-4F12-8E22-C64511FAC725}.Debug|Any CPU.Build.0 = Debug|Any CPU
		{A81B6C80-06CA-4F12-8E22-C64511FAC725}.Release|Any CPU.ActiveCfg = Release|Any CPU
		{A81B6C80-06CA-4F12-8E22-C64511FAC725}.Release|Any CPU.Build.0 = Release|Any CPU
	EndGlobalSection
	GlobalSection(SolutionProperties) = preSolution
		HideSolutionNode = FALSE
	EndGlobalSection
EndGlobal
