
Microsoft Visual Studio Solution File, Format Version 12.00
# Visual Studio 15
VisualStudioVersion = 15.0.26403.3
MinimumVisualStudioVersion = 10.0.40219.1
Project("{2150E333-8FDC-42A3-9474-1A3956D46DE8}") = "Solution Items", "Solution Items", "{2DF914B1-91A8-4C78-989B-64D1ABEF6A17}"
	ProjectSection(SolutionItems) = preProject
		appSettings.config = appSettings.config
	EndProjectSection
EndProject
Project("{FAE04EC0-301F-11D3-BF4B-00C04F79EFBC}") = "DocumentManagement", "Document\DocumentManagement\DocumentManagement.csproj", "{CF8BEC3A-2791-4C56-B036-60CB5AE9367A}"
EndProject
Project("{FAE04EC0-301F-11D3-BF4B-00C04F79EFBC}") = "UserManagement", "Document\UserManagement\UserManagement.csproj", "{82B1A5F3-6BDE-4A70-9F3A-17ECEDEA64F1}"
	ProjectSection(ProjectDependencies) = postProject
		{16C11979-9B7C-4F35-BCD1-CAC434D79467} = {16C11979-9B7C-4F35-BCD1-CAC434D79467}
	EndProjectSection
EndProject
Project("{FAE04EC0-301F-11D3-BF4B-00C04F79EFBC}") = "IndexManagement", "Document\IndexManagement\IndexManagement.csproj", "{35C7BBEB-B390-42F2-A301-15CE198CE79B}"
EndProject
Project("{FAE04EC0-301F-11D3-BF4B-00C04F79EFBC}") = "ServerSideScripts", "Document\ServerSideScripts\ServerSideScripts.csproj", "{FF2F469C-8A1C-4B9C-A83A-0D4712FFCBC9}"
	ProjectSection(ProjectDependencies) = postProject
		{16C11979-9B7C-4F35-BCD1-CAC434D79467} = {16C11979-9B7C-4F35-BCD1-CAC434D79467}
	EndProjectSection
EndProject
Project("{FAE04EC0-301F-11D3-BF4B-00C04F79EFBC}") = "DatabaseManagement", "Document\DatabaseManagement\DatabaseManagement.csproj", "{2F473ECB-3265-462B-B8F4-D5286883D12A}"
	ProjectSection(ProjectDependencies) = postProject
		{16C11979-9B7C-4F35-BCD1-CAC434D79467} = {16C11979-9B7C-4F35-BCD1-CAC434D79467}
	EndProjectSection
EndProject
Project("{FAE04EC0-301F-11D3-BF4B-00C04F79EFBC}") = "Queries", "Document\Queries\Queries.csproj", "{6B5021ED-8B3A-4E38-92DB-612C4ECDC580}"
EndProject
Project("{FAE04EC0-301F-11D3-BF4B-00C04F79EFBC}") = "Geospatial", "Document\Geospatial\Geospatial.csproj", "{B0A55C76-4470-482E-BD16-5AA96068FE61}"
EndProject
Project("{FAE04EC0-301F-11D3-BF4B-00C04F79EFBC}") = "MyFirstDocumentDBApp", "Document\MyFirstDocumentDBApp\MyFirstDocumentDBApp.csproj", "{21DD3AAA-D194-4A38-937D-6C5053E8E974}"
EndProject
Project("{2150E333-8FDC-42A3-9474-1A3956D46DE8}") = "DocumentDB", "DocumentDB", "{16327169-0639-4C08-BB3A-2573325DAB0F}"
EndProject
Project("{2150E333-8FDC-42A3-9474-1A3956D46DE8}") = "Tables", "Tables", "{681814C6-84BE-410A-9BB8-9534950BC229}"
EndProject
Project("{2150E333-8FDC-42A3-9474-1A3956D46DE8}") = "Graph", "Graph", "{FDEEF79C-FD3C-4C1A-AEC8-5B09767EBDB5}"
EndProject
Project("{FAE04EC0-301F-11D3-BF4B-00C04F79EFBC}") = "GraphGetStarted", "Graph\GettingStarted\GraphGetStarted\GraphGetStarted.csproj", "{FD86D9CE-3A4D-4D39-A4F7-EBB717C278A0}"
EndProject
Project("{FAE04EC0-301F-11D3-BF4B-00C04F79EFBC}") = "PremiumTableGetStarted", "Tables\PremiumTableGetStarted\PremiumTableGetStarted.csproj", "{92B301EF-A126-4256-923E-A7B2438D744D}"
EndProject
Project("{FAE04EC0-301F-11D3-BF4B-00C04F79EFBC}") = "Shared", "Document\Shared\Shared.csproj", "{16C11979-9B7C-4F35-BCD1-CAC434D79467}"
EndProject
Project("{FAE04EC0-301F-11D3-BF4B-00C04F79EFBC}") = "CollectionManagement", "Document\CollectionManagement\CollectionManagement.csproj", "{F244DE0C-FC94-4D96-AECF-C92BBBAA6627}"
EndProject
Global
	GlobalSection(SolutionConfigurationPlatforms) = preSolution
		Debug|Any CPU = Debug|Any CPU
		Debug|x64 = Debug|x64
		Release|Any CPU = Release|Any CPU
		Release|x64 = Release|x64
	EndGlobalSection
	GlobalSection(ProjectConfigurationPlatforms) = postSolution
		{CF8BEC3A-2791-4C56-B036-60CB5AE9367A}.Debug|Any CPU.ActiveCfg = Debug|Any CPU
		{CF8BEC3A-2791-4C56-B036-60CB5AE9367A}.Debug|Any CPU.Build.0 = Debug|Any CPU
		{CF8BEC3A-2791-4C56-B036-60CB5AE9367A}.Debug|x64.ActiveCfg = Debug|Any CPU
		{CF8BEC3A-2791-4C56-B036-60CB5AE9367A}.Debug|x64.Build.0 = Debug|Any CPU
		{CF8BEC3A-2791-4C56-B036-60CB5AE9367A}.Release|Any CPU.ActiveCfg = Release|Any CPU
		{CF8BEC3A-2791-4C56-B036-60CB5AE9367A}.Release|Any CPU.Build.0 = Release|Any CPU
		{CF8BEC3A-2791-4C56-B036-60CB5AE9367A}.Release|x64.ActiveCfg = Release|Any CPU
		{CF8BEC3A-2791-4C56-B036-60CB5AE9367A}.Release|x64.Build.0 = Release|Any CPU
		{82B1A5F3-6BDE-4A70-9F3A-17ECEDEA64F1}.Debug|Any CPU.ActiveCfg = Debug|Any CPU
		{82B1A5F3-6BDE-4A70-9F3A-17ECEDEA64F1}.Debug|Any CPU.Build.0 = Debug|Any CPU
		{82B1A5F3-6BDE-4A70-9F3A-17ECEDEA64F1}.Debug|x64.ActiveCfg = Debug|Any CPU
		{82B1A5F3-6BDE-4A70-9F3A-17ECEDEA64F1}.Debug|x64.Build.0 = Debug|Any CPU
		{82B1A5F3-6BDE-4A70-9F3A-17ECEDEA64F1}.Release|Any CPU.ActiveCfg = Release|Any CPU
		{82B1A5F3-6BDE-4A70-9F3A-17ECEDEA64F1}.Release|Any CPU.Build.0 = Release|Any CPU
		{82B1A5F3-6BDE-4A70-9F3A-17ECEDEA64F1}.Release|x64.ActiveCfg = Release|Any CPU
		{82B1A5F3-6BDE-4A70-9F3A-17ECEDEA64F1}.Release|x64.Build.0 = Release|Any CPU
		{35C7BBEB-B390-42F2-A301-15CE198CE79B}.Debug|Any CPU.ActiveCfg = Debug|Any CPU
		{35C7BBEB-B390-42F2-A301-15CE198CE79B}.Debug|Any CPU.Build.0 = Debug|Any CPU
		{35C7BBEB-B390-42F2-A301-15CE198CE79B}.Debug|x64.ActiveCfg = Debug|Any CPU
		{35C7BBEB-B390-42F2-A301-15CE198CE79B}.Debug|x64.Build.0 = Debug|Any CPU
		{35C7BBEB-B390-42F2-A301-15CE198CE79B}.Release|Any CPU.ActiveCfg = Release|Any CPU
		{35C7BBEB-B390-42F2-A301-15CE198CE79B}.Release|Any CPU.Build.0 = Release|Any CPU
		{35C7BBEB-B390-42F2-A301-15CE198CE79B}.Release|x64.ActiveCfg = Release|Any CPU
		{35C7BBEB-B390-42F2-A301-15CE198CE79B}.Release|x64.Build.0 = Release|Any CPU
		{FF2F469C-8A1C-4B9C-A83A-0D4712FFCBC9}.Debug|Any CPU.ActiveCfg = Debug|Any CPU
		{FF2F469C-8A1C-4B9C-A83A-0D4712FFCBC9}.Debug|Any CPU.Build.0 = Debug|Any CPU
		{FF2F469C-8A1C-4B9C-A83A-0D4712FFCBC9}.Debug|x64.ActiveCfg = Debug|Any CPU
		{FF2F469C-8A1C-4B9C-A83A-0D4712FFCBC9}.Debug|x64.Build.0 = Debug|Any CPU
		{FF2F469C-8A1C-4B9C-A83A-0D4712FFCBC9}.Release|Any CPU.ActiveCfg = Release|Any CPU
		{FF2F469C-8A1C-4B9C-A83A-0D4712FFCBC9}.Release|Any CPU.Build.0 = Release|Any CPU
		{FF2F469C-8A1C-4B9C-A83A-0D4712FFCBC9}.Release|x64.ActiveCfg = Release|Any CPU
		{FF2F469C-8A1C-4B9C-A83A-0D4712FFCBC9}.Release|x64.Build.0 = Release|Any CPU
		{2F473ECB-3265-462B-B8F4-D5286883D12A}.Debug|Any CPU.ActiveCfg = Debug|Any CPU
		{2F473ECB-3265-462B-B8F4-D5286883D12A}.Debug|Any CPU.Build.0 = Debug|Any CPU
		{2F473ECB-3265-462B-B8F4-D5286883D12A}.Debug|x64.ActiveCfg = Debug|Any CPU
		{2F473ECB-3265-462B-B8F4-D5286883D12A}.Debug|x64.Build.0 = Debug|Any CPU
		{2F473ECB-3265-462B-B8F4-D5286883D12A}.Release|Any CPU.ActiveCfg = Release|Any CPU
		{2F473ECB-3265-462B-B8F4-D5286883D12A}.Release|Any CPU.Build.0 = Release|Any CPU
		{2F473ECB-3265-462B-B8F4-D5286883D12A}.Release|x64.ActiveCfg = Release|Any CPU
		{2F473ECB-3265-462B-B8F4-D5286883D12A}.Release|x64.Build.0 = Release|Any CPU
		{6B5021ED-8B3A-4E38-92DB-612C4ECDC580}.Debug|Any CPU.ActiveCfg = Debug|Any CPU
		{6B5021ED-8B3A-4E38-92DB-612C4ECDC580}.Debug|Any CPU.Build.0 = Debug|Any CPU
		{6B5021ED-8B3A-4E38-92DB-612C4ECDC580}.Debug|x64.ActiveCfg = Debug|Any CPU
		{6B5021ED-8B3A-4E38-92DB-612C4ECDC580}.Debug|x64.Build.0 = Debug|Any CPU
		{6B5021ED-8B3A-4E38-92DB-612C4ECDC580}.Release|Any CPU.ActiveCfg = Release|Any CPU
		{6B5021ED-8B3A-4E38-92DB-612C4ECDC580}.Release|Any CPU.Build.0 = Release|Any CPU
		{6B5021ED-8B3A-4E38-92DB-612C4ECDC580}.Release|x64.ActiveCfg = Release|Any CPU
		{6B5021ED-8B3A-4E38-92DB-612C4ECDC580}.Release|x64.Build.0 = Release|Any CPU
		{B0A55C76-4470-482E-BD16-5AA96068FE61}.Debug|Any CPU.ActiveCfg = Debug|Any CPU
		{B0A55C76-4470-482E-BD16-5AA96068FE61}.Debug|Any CPU.Build.0 = Debug|Any CPU
		{B0A55C76-4470-482E-BD16-5AA96068FE61}.Debug|x64.ActiveCfg = Debug|Any CPU
		{B0A55C76-4470-482E-BD16-5AA96068FE61}.Debug|x64.Build.0 = Debug|Any CPU
		{B0A55C76-4470-482E-BD16-5AA96068FE61}.Release|Any CPU.ActiveCfg = Release|Any CPU
		{B0A55C76-4470-482E-BD16-5AA96068FE61}.Release|Any CPU.Build.0 = Release|Any CPU
		{B0A55C76-4470-482E-BD16-5AA96068FE61}.Release|x64.ActiveCfg = Release|Any CPU
		{B0A55C76-4470-482E-BD16-5AA96068FE61}.Release|x64.Build.0 = Release|Any CPU
		{21DD3AAA-D194-4A38-937D-6C5053E8E974}.Debug|Any CPU.ActiveCfg = Debug|Any CPU
		{21DD3AAA-D194-4A38-937D-6C5053E8E974}.Debug|Any CPU.Build.0 = Debug|Any CPU
		{21DD3AAA-D194-4A38-937D-6C5053E8E974}.Debug|x64.ActiveCfg = Debug|Any CPU
		{21DD3AAA-D194-4A38-937D-6C5053E8E974}.Debug|x64.Build.0 = Debug|Any CPU
		{21DD3AAA-D194-4A38-937D-6C5053E8E974}.Release|Any CPU.ActiveCfg = Release|Any CPU
		{21DD3AAA-D194-4A38-937D-6C5053E8E974}.Release|Any CPU.Build.0 = Release|Any CPU
		{21DD3AAA-D194-4A38-937D-6C5053E8E974}.Release|x64.ActiveCfg = Release|Any CPU
		{21DD3AAA-D194-4A38-937D-6C5053E8E974}.Release|x64.Build.0 = Release|Any CPU
		{FD86D9CE-3A4D-4D39-A4F7-EBB717C278A0}.Debug|Any CPU.ActiveCfg = Debug|Any CPU
		{FD86D9CE-3A4D-4D39-A4F7-EBB717C278A0}.Debug|Any CPU.Build.0 = Debug|Any CPU
		{FD86D9CE-3A4D-4D39-A4F7-EBB717C278A0}.Debug|x64.ActiveCfg = Debug|x64
		{FD86D9CE-3A4D-4D39-A4F7-EBB717C278A0}.Debug|x64.Build.0 = Debug|x64
		{FD86D9CE-3A4D-4D39-A4F7-EBB717C278A0}.Release|Any CPU.ActiveCfg = Release|Any CPU
		{FD86D9CE-3A4D-4D39-A4F7-EBB717C278A0}.Release|Any CPU.Build.0 = Release|Any CPU
		{FD86D9CE-3A4D-4D39-A4F7-EBB717C278A0}.Release|x64.ActiveCfg = Release|x64
		{FD86D9CE-3A4D-4D39-A4F7-EBB717C278A0}.Release|x64.Build.0 = Release|x64
		{92B301EF-A126-4256-923E-A7B2438D744D}.Debug|Any CPU.ActiveCfg = Debug|Any CPU
		{92B301EF-A126-4256-923E-A7B2438D744D}.Debug|Any CPU.Build.0 = Debug|Any CPU
		{92B301EF-A126-4256-923E-A7B2438D744D}.Debug|x64.ActiveCfg = Debug|Any CPU
		{92B301EF-A126-4256-923E-A7B2438D744D}.Debug|x64.Build.0 = Debug|Any CPU
		{92B301EF-A126-4256-923E-A7B2438D744D}.Release|Any CPU.ActiveCfg = Release|Any CPU
		{92B301EF-A126-4256-923E-A7B2438D744D}.Release|Any CPU.Build.0 = Release|Any CPU
		{92B301EF-A126-4256-923E-A7B2438D744D}.Release|x64.ActiveCfg = Release|Any CPU
		{92B301EF-A126-4256-923E-A7B2438D744D}.Release|x64.Build.0 = Release|Any CPU
		{16C11979-9B7C-4F35-BCD1-CAC434D79467}.Debug|Any CPU.ActiveCfg = Debug|Any CPU
		{16C11979-9B7C-4F35-BCD1-CAC434D79467}.Debug|Any CPU.Build.0 = Debug|Any CPU
		{16C11979-9B7C-4F35-BCD1-CAC434D79467}.Debug|x64.ActiveCfg = Debug|Any CPU
		{16C11979-9B7C-4F35-BCD1-CAC434D79467}.Debug|x64.Build.0 = Debug|Any CPU
		{16C11979-9B7C-4F35-BCD1-CAC434D79467}.Release|Any CPU.ActiveCfg = Release|Any CPU
		{16C11979-9B7C-4F35-BCD1-CAC434D79467}.Release|Any CPU.Build.0 = Release|Any CPU
		{16C11979-9B7C-4F35-BCD1-CAC434D79467}.Release|x64.ActiveCfg = Release|Any CPU
		{16C11979-9B7C-4F35-BCD1-CAC434D79467}.Release|x64.Build.0 = Release|Any CPU
		{F244DE0C-FC94-4D96-AECF-C92BBBAA6627}.Debug|Any CPU.ActiveCfg = Debug|Any CPU
		{F244DE0C-FC94-4D96-AECF-C92BBBAA6627}.Debug|Any CPU.Build.0 = Debug|Any CPU
		{F244DE0C-FC94-4D96-AECF-C92BBBAA6627}.Debug|x64.ActiveCfg = Debug|Any CPU
		{F244DE0C-FC94-4D96-AECF-C92BBBAA6627}.Debug|x64.Build.0 = Debug|Any CPU
		{F244DE0C-FC94-4D96-AECF-C92BBBAA6627}.Release|Any CPU.ActiveCfg = Release|Any CPU
		{F244DE0C-FC94-4D96-AECF-C92BBBAA6627}.Release|Any CPU.Build.0 = Release|Any CPU
		{F244DE0C-FC94-4D96-AECF-C92BBBAA6627}.Release|x64.ActiveCfg = Release|Any CPU
		{F244DE0C-FC94-4D96-AECF-C92BBBAA6627}.Release|x64.Build.0 = Release|Any CPU
	EndGlobalSection
	GlobalSection(SolutionProperties) = preSolution
		HideSolutionNode = FALSE
	EndGlobalSection
	GlobalSection(NestedProjects) = preSolution
		{CF8BEC3A-2791-4C56-B036-60CB5AE9367A} = {16327169-0639-4C08-BB3A-2573325DAB0F}
		{82B1A5F3-6BDE-4A70-9F3A-17ECEDEA64F1} = {16327169-0639-4C08-BB3A-2573325DAB0F}
		{35C7BBEB-B390-42F2-A301-15CE198CE79B} = {16327169-0639-4C08-BB3A-2573325DAB0F}
		{FF2F469C-8A1C-4B9C-A83A-0D4712FFCBC9} = {16327169-0639-4C08-BB3A-2573325DAB0F}
		{2F473ECB-3265-462B-B8F4-D5286883D12A} = {16327169-0639-4C08-BB3A-2573325DAB0F}
		{6B5021ED-8B3A-4E38-92DB-612C4ECDC580} = {16327169-0639-4C08-BB3A-2573325DAB0F}
		{B0A55C76-4470-482E-BD16-5AA96068FE61} = {16327169-0639-4C08-BB3A-2573325DAB0F}
		{21DD3AAA-D194-4A38-937D-6C5053E8E974} = {16327169-0639-4C08-BB3A-2573325DAB0F}
		{FD86D9CE-3A4D-4D39-A4F7-EBB717C278A0} = {FDEEF79C-FD3C-4C1A-AEC8-5B09767EBDB5}
		{92B301EF-A126-4256-923E-A7B2438D744D} = {681814C6-84BE-410A-9BB8-9534950BC229}
		{16C11979-9B7C-4F35-BCD1-CAC434D79467} = {2DF914B1-91A8-4C78-989B-64D1ABEF6A17}
		{F244DE0C-FC94-4D96-AECF-C92BBBAA6627} = {16327169-0639-4C08-BB3A-2573325DAB0F}
	EndGlobalSection
EndGlobal
